
Microsoft Visual Studio Solution File, Format Version 12.00
# Visual Studio Version 16
VisualStudioVersion = 16.0.31321.278
MinimumVisualStudioVersion = 10.0.40219.1
Project("{FAE04EC0-301F-11D3-BF4B-00C04F79EFBC}") = "FirmaApi", "FirmaApi.csproj", "{742ED220-2F3B-431E-9EEB-0EEA3D45F4BA}"
EndProject
Global
	GlobalSection(SolutionConfigurationPlatforms) = preSolution
		Debug|Any CPU = Debug|Any CPU
		Release|Any CPU = Release|Any CPU
	EndGlobalSection
	GlobalSection(ProjectConfigurationPlatforms) = postSolution
		{742ED220-2F3B-431E-9EEB-0EEA3D45F4BA}.Debug|Any CPU.ActiveCfg = Debug|Any CPU
		{742ED220-2F3B-431E-9EEB-0EEA3D45F4BA}.Debug|Any CPU.Build.0 = Debug|Any CPU
		{742ED220-2F3B-431E-9EEB-0EEA3D45F4BA}.Release|Any CPU.ActiveCfg = Release|Any CPU
		{742ED220-2F3B-431E-9EEB-0EEA3D45F4BA}.Release|Any CPU.Build.0 = Release|Any CPU
	EndGlobalSection
	GlobalSection(SolutionProperties) = preSolution
		HideSolutionNode = FALSE
	EndGlobalSection
	GlobalSection(ExtensibilityGlobals) = postSolution
		SolutionGuid = {CD50FE1B-8649-4E0D-87FC-771AF08ABE87}
	EndGlobalSection
EndGlobal
